
Microsoft Visual Studio Solution File, Format Version 12.00
# Visual Studio Version 17
VisualStudioVersion = 17.0.31903.59
MinimumVisualStudioVersion = 10.0.40219.1
Project("{FAE04EC0-301F-11D3-BF4B-00C04F79EFBC}") = "Dominio", "Dominio\Dominio.csproj", "{021F3C61-70C8-4A95-BADE-107AB127970D}"
EndProject
Project("{FAE04EC0-301F-11D3-BF4B-00C04F79EFBC}") = "Persistencia", "Persistencia\Persistencia.csproj", "{5A9ABE44-33D9-45E0-AAD0-66F0D3703D6B}"
EndProject
Project("{FAE04EC0-301F-11D3-BF4B-00C04F79EFBC}") = "Api", "Api\Api.csproj", "{D4ADB916-F744-4BAD-BC6A-A08F11D1D756}"
EndProject
Global
	GlobalSection(SolutionConfigurationPlatforms) = preSolution
		Debug|Any CPU = Debug|Any CPU
		Release|Any CPU = Release|Any CPU
	EndGlobalSection
	GlobalSection(SolutionProperties) = preSolution
		HideSolutionNode = FALSE
	EndGlobalSection
	GlobalSection(ProjectConfigurationPlatforms) = postSolution
		{021F3C61-70C8-4A95-BADE-107AB127970D}.Debug|Any CPU.ActiveCfg = Debug|Any CPU
		{021F3C61-70C8-4A95-BADE-107AB127970D}.Debug|Any CPU.Build.0 = Debug|Any CPU
		{021F3C61-70C8-4A95-BADE-107AB127970D}.Release|Any CPU.ActiveCfg = Release|Any CPU
		{021F3C61-70C8-4A95-BADE-107AB127970D}.Release|Any CPU.Build.0 = Release|Any CPU
		{5A9ABE44-33D9-45E0-AAD0-66F0D3703D6B}.Debug|Any CPU.ActiveCfg = Debug|Any CPU
		{5A9ABE44-33D9-45E0-AAD0-66F0D3703D6B}.Debug|Any CPU.Build.0 = Debug|Any CPU
		{5A9ABE44-33D9-45E0-AAD0-66F0D3703D6B}.Release|Any CPU.ActiveCfg = Release|Any CPU
		{5A9ABE44-33D9-45E0-AAD0-66F0D3703D6B}.Release|Any CPU.Build.0 = Release|Any CPU
		{D4ADB916-F744-4BAD-BC6A-A08F11D1D756}.Debug|Any CPU.ActiveCfg = Debug|Any CPU
		{D4ADB916-F744-4BAD-BC6A-A08F11D1D756}.Debug|Any CPU.Build.0 = Debug|Any CPU
		{D4ADB916-F744-4BAD-BC6A-A08F11D1D756}.Release|Any CPU.ActiveCfg = Release|Any CPU
		{D4ADB916-F744-4BAD-BC6A-A08F11D1D756}.Release|Any CPU.Build.0 = Release|Any CPU
	EndGlobalSection
EndGlobal
